// !$*UTF8*$!
{
	archiveVersion = 1;
	classes = {
	};
	objectVersion = 50;
	objects = {

/* Begin PBXBuildFile section */
		53161A4822854C7900E241B1 /* AppDelegate.swift in Sources */ = {isa = PBXBuildFile; fileRef = 53161A4722854C7900E241B1 /* AppDelegate.swift */; };
		53161A4A22854C7900E241B1 /* ViewController.swift in Sources */ = {isa = PBXBuildFile; fileRef = 53161A4922854C7900E241B1 /* ViewController.swift */; };
		53161A4D22854C7900E241B1 /* Main.storyboard in Resources */ = {isa = PBXBuildFile; fileRef = 53161A4B22854C7900E241B1 /* Main.storyboard */; };
		53161A4F22854C7A00E241B1 /* Assets.xcassets in Resources */ = {isa = PBXBuildFile; fileRef = 53161A4E22854C7A00E241B1 /* Assets.xcassets */; };
		53161A5222854C7A00E241B1 /* LaunchScreen.storyboard in Resources */ = {isa = PBXBuildFile; fileRef = 53161A5022854C7A00E241B1 /* LaunchScreen.storyboard */; };
		53161A6022854E1900E241B1 /* ShareViewController.swift in Sources */ = {isa = PBXBuildFile; fileRef = 53161A5F22854E1900E241B1 /* ShareViewController.swift */; };
		53161A6322854E1900E241B1 /* MainInterface.storyboard in Resources */ = {isa = PBXBuildFile; fileRef = 53161A6122854E1900E241B1 /* MainInterface.storyboard */; };
		53161A6722854E1900E241B1 /* MyShareExtension.appex in Embed App Extensions */ = {isa = PBXBuildFile; fileRef = 53161A5D22854E1900E241B1 /* MyShareExtension.appex */; settings = {ATTRIBUTES = (RemoveHeadersOnCopy, ); }; };
		539749B82285C02F003E8E6F /* CloudKit.framework in Frameworks */ = {isa = PBXBuildFile; fileRef = 539749B72285C02F003E8E6F /* CloudKit.framework */; };
/* End PBXBuildFile section */

/* Begin PBXContainerItemProxy section */
		53161A6522854E1900E241B1 /* PBXContainerItemProxy */ = {
			isa = PBXContainerItemProxy;
			containerPortal = 53161A3C22854C7900E241B1 /* Project object */;
			proxyType = 1;
			remoteGlobalIDString = 53161A5C22854E1900E241B1;
			remoteInfo = MyShareExtension;
		};
/* End PBXContainerItemProxy section */

/* Begin PBXCopyFilesBuildPhase section */
		53161A6B22854E1900E241B1 /* Embed App Extensions */ = {
			isa = PBXCopyFilesBuildPhase;
			buildActionMask = 2147483647;
			dstPath = "";
			dstSubfolderSpec = 13;
			files = (
				53161A6722854E1900E241B1 /* MyShareExtension.appex in Embed App Extensions */,
			);
			name = "Embed App Extensions";
			runOnlyForDeploymentPostprocessing = 0;
		};
/* End PBXCopyFilesBuildPhase section */

/* Begin PBXFileReference section */
		53161A4422854C7900E241B1 /* HelloWorld94WithExtension.app */ = {isa = PBXFileReference; explicitFileType = wrapper.application; includeInIndex = 0; path = HelloWorld94WithExtension.app; sourceTree = BUILT_PRODUCTS_DIR; };
		53161A4722854C7900E241B1 /* AppDelegate.swift */ = {isa = PBXFileReference; lastKnownFileType = sourcecode.swift; path = AppDelegate.swift; sourceTree = "<group>"; };
		53161A4922854C7900E241B1 /* ViewController.swift */ = {isa = PBXFileReference; lastKnownFileType = sourcecode.swift; path = ViewController.swift; sourceTree = "<group>"; };
		53161A4C22854C7900E241B1 /* Base */ = {isa = PBXFileReference; lastKnownFileType = file.storyboard; name = Base; path = Base.lproj/Main.storyboard; sourceTree = "<group>"; };
		53161A4E22854C7A00E241B1 /* Assets.xcassets */ = {isa = PBXFileReference; lastKnownFileType = folder.assetcatalog; path = Assets.xcassets; sourceTree = "<group>"; };
		53161A5122854C7A00E241B1 /* Base */ = {isa = PBXFileReference; lastKnownFileType = file.storyboard; name = Base; path = Base.lproj/LaunchScreen.storyboard; sourceTree = "<group>"; };
		53161A5322854C7A00E241B1 /* Info.plist */ = {isa = PBXFileReference; lastKnownFileType = text.plist.xml; path = Info.plist; sourceTree = "<group>"; };
		53161A5D22854E1900E241B1 /* MyShareExtension.appex */ = {isa = PBXFileReference; explicitFileType = "wrapper.app-extension"; includeInIndex = 0; path = MyShareExtension.appex; sourceTree = BUILT_PRODUCTS_DIR; };
		53161A5F22854E1900E241B1 /* ShareViewController.swift */ = {isa = PBXFileReference; lastKnownFileType = sourcecode.swift; path = ShareViewController.swift; sourceTree = "<group>"; };
		53161A6222854E1900E241B1 /* Base */ = {isa = PBXFileReference; lastKnownFileType = file.storyboard; name = Base; path = Base.lproj/MainInterface.storyboard; sourceTree = "<group>"; };
		53161A6422854E1900E241B1 /* Info.plist */ = {isa = PBXFileReference; lastKnownFileType = text.plist.xml; path = Info.plist; sourceTree = "<group>"; };
		53161A6C22854EB000E241B1 /* HelloWorld94WithExtension.entitlements */ = {isa = PBXFileReference; lastKnownFileType = text.plist.entitlements; path = HelloWorld94WithExtension.entitlements; sourceTree = "<group>"; };
		539749B72285C02F003E8E6F /* CloudKit.framework */ = {isa = PBXFileReference; lastKnownFileType = wrapper.framework; name = CloudKit.framework; path = System/Library/Frameworks/CloudKit.framework; sourceTree = SDKROOT; };
/* End PBXFileReference section */

/* Begin PBXFrameworksBuildPhase section */
		53161A4122854C7900E241B1 /* Frameworks */ = {
			isa = PBXFrameworksBuildPhase;
			buildActionMask = 2147483647;
			files = (
				539749B82285C02F003E8E6F /* CloudKit.framework in Frameworks */,
			);
			runOnlyForDeploymentPostprocessing = 0;
		};
		53161A5A22854E1900E241B1 /* Frameworks */ = {
			isa = PBXFrameworksBuildPhase;
			buildActionMask = 2147483647;
			files = (
			);
			runOnlyForDeploymentPostprocessing = 0;
		};
/* End PBXFrameworksBuildPhase section */

/* Begin PBXGroup section */
		53161A3B22854C7900E241B1 = {
			isa = PBXGroup;
			children = (
				53161A4622854C7900E241B1 /* HelloWorld94WithExtension */,
				53161A5E22854E1900E241B1 /* MyShareExtension */,
				53161A4522854C7900E241B1 /* Products */,
				539749B62285C02F003E8E6F /* Frameworks */,
			);
			sourceTree = "<group>";
		};
		53161A4522854C7900E241B1 /* Products */ = {
			isa = PBXGroup;
			children = (
				53161A4422854C7900E241B1 /* HelloWorld94WithExtension.app */,
				53161A5D22854E1900E241B1 /* MyShareExtension.appex */,
			);
			name = Products;
			sourceTree = "<group>";
		};
		53161A4622854C7900E241B1 /* HelloWorld94WithExtension */ = {
			isa = PBXGroup;
			children = (
				53161A6C22854EB000E241B1 /* HelloWorld94WithExtension.entitlements */,
				53161A4722854C7900E241B1 /* AppDelegate.swift */,
				53161A4922854C7900E241B1 /* ViewController.swift */,
				53161A4B22854C7900E241B1 /* Main.storyboard */,
				53161A4E22854C7A00E241B1 /* Assets.xcassets */,
				53161A5022854C7A00E241B1 /* LaunchScreen.storyboard */,
				53161A5322854C7A00E241B1 /* Info.plist */,
			);
			path = HelloWorld94WithExtension;
			sourceTree = "<group>";
		};
		53161A5E22854E1900E241B1 /* MyShareExtension */ = {
			isa = PBXGroup;
			children = (
				53161A5F22854E1900E241B1 /* ShareViewController.swift */,
				53161A6122854E1900E241B1 /* MainInterface.storyboard */,
				53161A6422854E1900E241B1 /* Info.plist */,
			);
			path = MyShareExtension;
			sourceTree = "<group>";
		};
		539749B62285C02F003E8E6F /* Frameworks */ = {
			isa = PBXGroup;
			children = (
				539749B72285C02F003E8E6F /* CloudKit.framework */,
			);
			name = Frameworks;
			sourceTree = "<group>";
		};
/* End PBXGroup section */

/* Begin PBXNativeTarget section */
		53161A4322854C7900E241B1 /* HelloWorld94WithExtension */ = {
			isa = PBXNativeTarget;
			buildConfigurationList = 53161A5622854C7A00E241B1 /* Build configuration list for PBXNativeTarget "HelloWorld94WithExtension" */;
			buildPhases = (
				53161A4022854C7900E241B1 /* Sources */,
				53161A4122854C7900E241B1 /* Frameworks */,
				53161A4222854C7900E241B1 /* Resources */,
				53161A6B22854E1900E241B1 /* Embed App Extensions */,
			);
			buildRules = (
			);
			dependencies = (
				53161A6622854E1900E241B1 /* PBXTargetDependency */,
			);
			name = HelloWorld94WithExtension;
			productName = HelloWorld94WithExtension;
			productReference = 53161A4422854C7900E241B1 /* HelloWorld94WithExtension.app */;
			productType = "com.apple.product-type.application";
		};
		53161A5C22854E1900E241B1 /* MyShareExtension */ = {
			isa = PBXNativeTarget;
			buildConfigurationList = 53161A6822854E1900E241B1 /* Build configuration list for PBXNativeTarget "MyShareExtension" */;
			buildPhases = (
				53161A5922854E1900E241B1 /* Sources */,
				53161A5A22854E1900E241B1 /* Frameworks */,
				53161A5B22854E1900E241B1 /* Resources */,
			);
			buildRules = (
			);
			dependencies = (
			);
			name = MyShareExtension;
			productName = MyShareExtension;
			productReference = 53161A5D22854E1900E241B1 /* MyShareExtension.appex */;
			productType = "com.apple.product-type.app-extension";
		};
/* End PBXNativeTarget section */

/* Begin PBXProject section */
		53161A3C22854C7900E241B1 /* Project object */ = {
			isa = PBXProject;
			attributes = {
				LastSwiftUpdateCheck = 0940;
				LastUpgradeCheck = 0940;
				ORGANIZATIONNAME = "Chris Sidi";
				TargetAttributes = {
					53161A4322854C7900E241B1 = {
						CreatedOnToolsVersion = 9.4.1;
						SystemCapabilities = {
							com.apple.Push = {
								enabled = 1;
							};
							com.apple.iCloud = {
								enabled = 1;
							};
						};
					};
					53161A5C22854E1900E241B1 = {
						CreatedOnToolsVersion = 9.4.1;
					};
				};
			};
			buildConfigurationList = 53161A3F22854C7900E241B1 /* Build configuration list for PBXProject "HelloWorld94WithExtension" */;
			compatibilityVersion = "Xcode 9.3";
			developmentRegion = en;
			hasScannedForEncodings = 0;
			knownRegions = (
				en,
				Base,
			);
			mainGroup = 53161A3B22854C7900E241B1;
			productRefGroup = 53161A4522854C7900E241B1 /* Products */;
			projectDirPath = "";
			projectRoot = "";
			targets = (
				53161A4322854C7900E241B1 /* HelloWorld94WithExtension */,
				53161A5C22854E1900E241B1 /* MyShareExtension */,
			);
		};
/* End PBXProject section */

/* Begin PBXResourcesBuildPhase section */
		53161A4222854C7900E241B1 /* Resources */ = {
			isa = PBXResourcesBuildPhase;
			buildActionMask = 2147483647;
			files = (
				53161A5222854C7A00E241B1 /* LaunchScreen.storyboard in Resources */,
				53161A4F22854C7A00E241B1 /* Assets.xcassets in Resources */,
				53161A4D22854C7900E241B1 /* Main.storyboard in Resources */,
			);
			runOnlyForDeploymentPostprocessing = 0;
		};
		53161A5B22854E1900E241B1 /* Resources */ = {
			isa = PBXResourcesBuildPhase;
			buildActionMask = 2147483647;
			files = (
				53161A6322854E1900E241B1 /* MainInterface.storyboard in Resources */,
			);
			runOnlyForDeploymentPostprocessing = 0;
		};
/* End PBXResourcesBuildPhase section */

/* Begin PBXSourcesBuildPhase section */
		53161A4022854C7900E241B1 /* Sources */ = {
			isa = PBXSourcesBuildPhase;
			buildActionMask = 2147483647;
			files = (
				53161A4A22854C7900E241B1 /* ViewController.swift in Sources */,
				53161A4822854C7900E241B1 /* AppDelegate.swift in Sources */,
			);
			runOnlyForDeploymentPostprocessing = 0;
		};
		53161A5922854E1900E241B1 /* Sources */ = {
			isa = PBXSourcesBuildPhase;
			buildActionMask = 2147483647;
			files = (
				53161A6022854E1900E241B1 /* ShareViewController.swift in Sources */,
			);
			runOnlyForDeploymentPostprocessing = 0;
		};
/* End PBXSourcesBuildPhase section */

/* Begin PBXTargetDependency section */
		53161A6622854E1900E241B1 /* PBXTargetDependency */ = {
			isa = PBXTargetDependency;
			target = 53161A5C22854E1900E241B1 /* MyShareExtension */;
			targetProxy = 53161A6522854E1900E241B1 /* PBXContainerItemProxy */;
		};
/* End PBXTargetDependency section */

/* Begin PBXVariantGroup section */
		53161A4B22854C7900E241B1 /* Main.storyboard */ = {
			isa = PBXVariantGroup;
			children = (
				53161A4C22854C7900E241B1 /* Base */,
			);
			name = Main.storyboard;
			sourceTree = "<group>";
		};
		53161A5022854C7A00E241B1 /* LaunchScreen.storyboard */ = {
			isa = PBXVariantGroup;
			children = (
				53161A5122854C7A00E241B1 /* Base */,
			);
			name = LaunchScreen.storyboard;
			sourceTree = "<group>";
		};
		53161A6122854E1900E241B1 /* MainInterface.storyboard */ = {
			isa = PBXVariantGroup;
			children = (
				53161A6222854E1900E241B1 /* Base */,
			);
			name = MainInterface.storyboard;
			sourceTree = "<group>";
		};
/* End PBXVariantGroup section */

/* Begin XCBuildConfiguration section */
		53161A5422854C7A00E241B1 /* Debug */ = {
			isa = XCBuildConfiguration;
			buildSettings = {
				ALWAYS_SEARCH_USER_PATHS = NO;
				CLANG_ANALYZER_NONNULL = YES;
				CLANG_ANALYZER_NUMBER_OBJECT_CONVERSION = YES_AGGRESSIVE;
				CLANG_CXX_LANGUAGE_STANDARD = "gnu++14";
				CLANG_CXX_LIBRARY = "libc++";
				CLANG_ENABLE_MODULES = YES;
				CLANG_ENABLE_OBJC_ARC = YES;
				CLANG_ENABLE_OBJC_WEAK = YES;
				CLANG_WARN_BLOCK_CAPTURE_AUTORELEASING = YES;
				CLANG_WARN_BOOL_CONVERSION = YES;
				CLANG_WARN_COMMA = YES;
				CLANG_WARN_CONSTANT_CONVERSION = YES;
				CLANG_WARN_DEPRECATED_OBJC_IMPLEMENTATIONS = YES;
				CLANG_WARN_DIRECT_OBJC_ISA_USAGE = YES_ERROR;
				CLANG_WARN_DOCUMENTATION_COMMENTS = YES;
				CLANG_WARN_EMPTY_BODY = YES;
				CLANG_WARN_ENUM_CONVERSION = YES;
				CLANG_WARN_INFINITE_RECURSION = YES;
				CLANG_WARN_INT_CONVERSION = YES;
				CLANG_WARN_NON_LITERAL_NULL_CONVERSION = YES;
				CLANG_WARN_OBJC_IMPLICIT_RETAIN_SELF = YES;
				CLANG_WARN_OBJC_LITERAL_CONVERSION = YES;
				CLANG_WARN_OBJC_ROOT_CLASS = YES_ERROR;
				CLANG_WARN_RANGE_LOOP_ANALYSIS = YES;
				CLANG_WARN_STRICT_PROTOTYPES = YES;
				CLANG_WARN_SUSPICIOUS_MOVE = YES;
				CLANG_WARN_UNGUARDED_AVAILABILITY = YES_AGGRESSIVE;
				CLANG_WARN_UNREACHABLE_CODE = YES;
				CLANG_WARN__DUPLICATE_METHOD_MATCH = YES;
				CODE_SIGN_IDENTITY = "iPhone Developer";
				COPY_PHASE_STRIP = NO;
				DEBUG_INFORMATION_FORMAT = dwarf;
				ENABLE_STRICT_OBJC_MSGSEND = YES;
				ENABLE_TESTABILITY = YES;
				GCC_C_LANGUAGE_STANDARD = gnu11;
				GCC_DYNAMIC_NO_PIC = NO;
				GCC_NO_COMMON_BLOCKS = YES;
				GCC_OPTIMIZATION_LEVEL = 0;
				GCC_PREPROCESSOR_DEFINITIONS = (
					"DEBUG=1",
					"$(inherited)",
				);
				GCC_WARN_64_TO_32_BIT_CONVERSION = YES;
				GCC_WARN_ABOUT_RETURN_TYPE = YES_ERROR;
				GCC_WARN_UNDECLARED_SELECTOR = YES;
				GCC_WARN_UNINITIALIZED_AUTOS = YES_AGGRESSIVE;
				GCC_WARN_UNUSED_FUNCTION = YES;
				GCC_WARN_UNUSED_VARIABLE = YES;
				IPHONEOS_DEPLOYMENT_TARGET = 11.4;
				MTL_ENABLE_DEBUG_INFO = YES;
				ONLY_ACTIVE_ARCH = YES;
				SDKROOT = iphoneos;
				SWIFT_ACTIVE_COMPILATION_CONDITIONS = DEBUG;
				SWIFT_OPTIMIZATION_LEVEL = "-Onone";
			};
			name = Debug;
		};
		53161A5522854C7A00E241B1 /* Release */ = {
			isa = XCBuildConfiguration;
			buildSettings = {
				ALWAYS_SEARCH_USER_PATHS = NO;
				CLANG_ANALYZER_NONNULL = YES;
				CLANG_ANALYZER_NUMBER_OBJECT_CONVERSION = YES_AGGRESSIVE;
				CLANG_CXX_LANGUAGE_STANDARD = "gnu++14";
				CLANG_CXX_LIBRARY = "libc++";
				CLANG_ENABLE_MODULES = YES;
				CLANG_ENABLE_OBJC_ARC = YES;
				CLANG_ENABLE_OBJC_WEAK = YES;
				CLANG_WARN_BLOCK_CAPTURE_AUTORELEASING = YES;
				CLANG_WARN_BOOL_CONVERSION = YES;
				CLANG_WARN_COMMA = YES;
				CLANG_WARN_CONSTANT_CONVERSION = YES;
				CLANG_WARN_DEPRECATED_OBJC_IMPLEMENTATIONS = YES;
				CLANG_WARN_DIRECT_OBJC_ISA_USAGE = YES_ERROR;
				CLANG_WARN_DOCUMENTATION_COMMENTS = YES;
				CLANG_WARN_EMPTY_BODY = YES;
				CLANG_WARN_ENUM_CONVERSION = YES;
				CLANG_WARN_INFINITE_RECURSION = YES;
				CLANG_WARN_INT_CONVERSION = YES;
				CLANG_WARN_NON_LITERAL_NULL_CONVERSION = YES;
				CLANG_WARN_OBJC_IMPLICIT_RETAIN_SELF = YES;
				CLANG_WARN_OBJC_LITERAL_CONVERSION = YES;
				CLANG_WARN_OBJC_ROOT_CLASS = YES_ERROR;
				CLANG_WARN_RANGE_LOOP_ANALYSIS = YES;
				CLANG_WARN_STRICT_PROTOTYPES = YES;
				CLANG_WARN_SUSPICIOUS_MOVE = YES;
				CLANG_WARN_UNGUARDED_AVAILABILITY = YES_AGGRESSIVE;
				CLANG_WARN_UNREACHABLE_CODE = YES;
				CLANG_WARN__DUPLICATE_METHOD_MATCH = YES;
				CODE_SIGN_IDENTITY = "iPhone Developer";
				COPY_PHASE_STRIP = NO;
				DEBUG_INFORMATION_FORMAT = "dwarf-with-dsym";
				ENABLE_NS_ASSERTIONS = NO;
				ENABLE_STRICT_OBJC_MSGSEND = YES;
				GCC_C_LANGUAGE_STANDARD = gnu11;
				GCC_NO_COMMON_BLOCKS = YES;
				GCC_WARN_64_TO_32_BIT_CONVERSION = YES;
				GCC_WARN_ABOUT_RETURN_TYPE = YES_ERROR;
				GCC_WARN_UNDECLARED_SELECTOR = YES;
				GCC_WARN_UNINITIALIZED_AUTOS = YES_AGGRESSIVE;
				GCC_WARN_UNUSED_FUNCTION = YES;
				GCC_WARN_UNUSED_VARIABLE = YES;
				IPHONEOS_DEPLOYMENT_TARGET = 11.4;
				MTL_ENABLE_DEBUG_INFO = NO;
				SDKROOT = iphoneos;
				SWIFT_COMPILATION_MODE = wholemodule;
				SWIFT_OPTIMIZATION_LEVEL = "-O";
				VALIDATE_PRODUCT = YES;
			};
			name = Release;
		};
		53161A5722854C7A00E241B1 /* Debug */ = {
			isa = XCBuildConfiguration;
			buildSettings = {
				ALWAYS_EMBED_SWIFT_STANDARD_LIBRARIES = YES;
				ASSETCATALOG_COMPILER_APPICON_NAME = AppIcon;
				CODE_SIGN_ENTITLEMENTS = HelloWorld94WithExtension/HelloWorld94WithExtension.entitlements;
				CODE_SIGN_STYLE = Automatic;
				DEVELOPMENT_TEAM = DJ8T2973U7;
				INFOPLIST_FILE = HelloWorld94WithExtension/Info.plist;
				LD_RUNPATH_SEARCH_PATHS = (
					"$(inherited)",
					"@executable_path/Frameworks",
				);
				PRODUCT_BUNDLE_IDENTIFIER = com.hashtagchris.HelloWorld94WithExtension;
				PRODUCT_NAME = "$(TARGET_NAME)";
				SWIFT_VERSION = 4.0;
				TARGETED_DEVICE_FAMILY = "1,2";
			};
			name = Debug;
		};
		53161A5822854C7A00E241B1 /* Release */ = {
			isa = XCBuildConfiguration;
			buildSettings = {
				ALWAYS_EMBED_SWIFT_STANDARD_LIBRARIES = YES;
				ASSETCATALOG_COMPILER_APPICON_NAME = AppIcon;
				CODE_SIGN_ENTITLEMENTS = HelloWorld94WithExtension/HelloWorld94WithExtension.entitlements;
				CODE_SIGN_STYLE = Automatic;
				DEVELOPMENT_TEAM = DJ8T2973U7;
				INFOPLIST_FILE = HelloWorld94WithExtension/Info.plist;
				LD_RUNPATH_SEARCH_PATHS = (
					"$(inherited)",
					"@executable_path/Frameworks",
				);
				PRODUCT_BUNDLE_IDENTIFIER = com.hashtagchris.HelloWorld94WithExtension;
				PRODUCT_NAME = "$(TARGET_NAME)";
				SWIFT_VERSION = 4.0;
				TARGETED_DEVICE_FAMILY = "1,2";
			};
			name = Release;
		};
		53161A6922854E1900E241B1 /* Debug */ = {
			isa = XCBuildConfiguration;
			buildSettings = {
				CODE_SIGN_STYLE = Automatic;
				DEVELOPMENT_TEAM = DJ8T2973U7;
				INFOPLIST_FILE = MyShareExtension/Info.plist;
				LD_RUNPATH_SEARCH_PATHS = (
					"$(inherited)",
					"@executable_path/Frameworks",
					"@executable_path/../../Frameworks",
				);
				PRODUCT_BUNDLE_IDENTIFIER = com.hashtagchris.HelloWorld94WithExtension.MyShareExtension;
				PRODUCT_NAME = "$(TARGET_NAME)";
				SKIP_INSTALL = YES;
				SWIFT_VERSION = 4.0;
				TARGETED_DEVICE_FAMILY = "1,2";
			};
			name = Debug;
		};
		53161A6A22854E1900E241B1 /* Release */ = {
			isa = XCBuildConfiguration;
			buildSettings = {
				CODE_SIGN_STYLE = Automatic;
				DEVELOPMENT_TEAM = DJ8T2973U7;
				INFOPLIST_FILE = MyShareExtension/Info.plist;
				LD_RUNPATH_SEARCH_PATHS = (
					"$(inherited)",
					"@executable_path/Frameworks",
					"@executable_path/../../Frameworks",
				);
				PRODUCT_BUNDLE_IDENTIFIER = com.hashtagchris.HelloWorld94WithExtension.MyShareExtension;
				PRODUCT_NAME = "$(TARGET_NAME)";
				SKIP_INSTALL = YES;
				SWIFT_VERSION = 4.0;
				TARGETED_DEVICE_FAMILY = "1,2";
			};
			name = Release;
		};
/* End XCBuildConfiguration section */

/* Begin XCConfigurationList section */
		53161A3F22854C7900E241B1 /* Build configuration list for PBXProject "HelloWorld94WithExtension" */ = {
			isa = XCConfigurationList;
			buildConfigurations = (
				53161A5422854C7A00E241B1 /* Debug */,
				53161A5522854C7A00E241B1 /* Release */,
			);
			defaultConfigurationIsVisible = 0;
			defaultConfigurationName = Release;
		};
		53161A5622854C7A00E241B1 /* Build configuration list for PBXNativeTarget "HelloWorld94WithExtension" */ = {
			isa = XCConfigurationList;
			buildConfigurations = (
				53161A5722854C7A00E241B1 /* Debug */,
				53161A5822854C7A00E241B1 /* Release */,
			);
			defaultConfigurationIsVisible = 0;
			defaultConfigurationName = Release;
		};
		53161A6822854E1900E241B1 /* Build configuration list for PBXNativeTarget "MyShareExtension" */ = {
			isa = XCConfigurationList;
			buildConfigurations = (
				53161A6922854E1900E241B1 /* Debug */,
				53161A6A22854E1900E241B1 /* Release */,
			);
			defaultConfigurationIsVisible = 0;
			defaultConfigurationName = Release;
		};
/* End XCConfigurationList section */
	};
	rootObject = 53161A3C22854C7900E241B1 /* Project object */;
}
